
Microsoft Visual Studio Solution File, Format Version 12.00
# Visual Studio Version 16
VisualStudioVersion = 16.0.29609.76
MinimumVisualStudioVersion = 10.0.40219.1
Project("{FAE04EC0-301F-11D3-BF4B-00C04F79EFBC}") = "KingSort", "SortKing\KingSort.csproj", "{019ECA14-F262-4117-BF08-EFC40A0B43EA}"
EndProject
Global
	GlobalSection(SolutionConfigurationPlatforms) = preSolution
		Debug|Any CPU = Debug|Any CPU
		Release|Any CPU = Release|Any CPU
	EndGlobalSection
	GlobalSection(ProjectConfigurationPlatforms) = postSolution
		{019ECA14-F262-4117-BF08-EFC40A0B43EA}.Debug|Any CPU.ActiveCfg = Debug|Any CPU
		{019ECA14-F262-4117-BF08-EFC40A0B43EA}.Debug|Any CPU.Build.0 = Debug|Any CPU
		{019ECA14-F262-4117-BF08-EFC40A0B43EA}.Release|Any CPU.ActiveCfg = Release|Any CPU
		{019ECA14-F262-4117-BF08-EFC40A0B43EA}.Release|Any CPU.Build.0 = Release|Any CPU
	EndGlobalSection
	GlobalSection(SolutionProperties) = preSolution
		HideSolutionNode = FALSE
	EndGlobalSection
	GlobalSection(ExtensibilityGlobals) = postSolution
		SolutionGuid = {EE69EB37-2571-49F1-8795-F77A3D551A41}
	EndGlobalSection
EndGlobal
